
Microsoft Visual Studio Solution File, Format Version 12.00
# Visual Studio 15
VisualStudioVersion = 15.0.27428.2027
MinimumVisualStudioVersion = 10.0.40219.1
Project("{FAE04EC0-301F-11D3-BF4B-00C04F79EFBC}") = "CarStatistics", "ConsoleApplication1\CarStatistics.csproj", "{B8FFFDC9-3E8D-4E51-80BA-7A0CBCC9B9B5}"
EndProject
Project("{FAE04EC0-301F-11D3-BF4B-00C04F79EFBC}") = "CarStatistics.Test", "CarStatistics.Test\CarStatistics.Test.csproj", "{BB1C85F5-0B78-4903-81A3-C6644CD9307C}"
EndProject
Global
	GlobalSection(SolutionConfigurationPlatforms) = preSolution
		Debug|Any CPU = Debug|Any CPU
		Release|Any CPU = Release|Any CPU
	EndGlobalSection
	GlobalSection(ProjectConfigurationPlatforms) = postSolution
		{B8FFFDC9-3E8D-4E51-80BA-7A0CBCC9B9B5}.Debug|Any CPU.ActiveCfg = Debug|Any CPU
		{B8FFFDC9-3E8D-4E51-80BA-7A0CBCC9B9B5}.Debug|Any CPU.Build.0 = Debug|Any CPU
		{B8FFFDC9-3E8D-4E51-80BA-7A0CBCC9B9B5}.Release|Any CPU.ActiveCfg = Release|Any CPU
		{B8FFFDC9-3E8D-4E51-80BA-7A0CBCC9B9B5}.Release|Any CPU.Build.0 = Release|Any CPU
		{BB1C85F5-0B78-4903-81A3-C6644CD9307C}.Debug|Any CPU.ActiveCfg = Debug|Any CPU
		{BB1C85F5-0B78-4903-81A3-C6644CD9307C}.Debug|Any CPU.Build.0 = Debug|Any CPU
		{BB1C85F5-0B78-4903-81A3-C6644CD9307C}.Release|Any CPU.ActiveCfg = Release|Any CPU
		{BB1C85F5-0B78-4903-81A3-C6644CD9307C}.Release|Any CPU.Build.0 = Release|Any CPU
	EndGlobalSection
	GlobalSection(SolutionProperties) = preSolution
		HideSolutionNode = FALSE
	EndGlobalSection
	GlobalSection(ExtensibilityGlobals) = postSolution
		SolutionGuid = {32A365B4-4D79-46DC-BEAA-64867E647BBF}
	EndGlobalSection
EndGlobal
